
Microsoft Visual Studio Solution File, Format Version 12.00
# Visual Studio 14
VisualStudioVersion = 14.0.25420.1
MinimumVisualStudioVersion = 10.0.40219.1
Project("{FAE04EC0-301F-11D3-BF4B-00C04F79EFBC}") = "Collection de films", "Collection de films\Collection de films.csproj", "{163A776D-5C2E-481B-B748-29F74A060DEF}"
EndProject
Project("{FAE04EC0-301F-11D3-BF4B-00C04F79EFBC}") = "XPath Editor", "XPath Editor\XPath Editor.csproj", "{91144B2F-4032-43F0-954A-701A33DC76C9}"
EndProject
Project("{FAE04EC0-301F-11D3-BF4B-00C04F79EFBC}") = "Wpf Collection Films", "..\..\..\Documents\Visual Studio 2015\Projects\Wpf Collection Films\Wpf Collection Films\Wpf Collection Films.csproj", "{DB043C35-7D2B-4C1E-802E-C47F10FD3E57}"
EndProject
Global
	GlobalSection(SolutionConfigurationPlatforms) = preSolution
		Debug|Any CPU = Debug|Any CPU
		Release|Any CPU = Release|Any CPU
	EndGlobalSection
	GlobalSection(ProjectConfigurationPlatforms) = postSolution
		{163A776D-5C2E-481B-B748-29F74A060DEF}.Debug|Any CPU.ActiveCfg = Debug|Any CPU
		{163A776D-5C2E-481B-B748-29F74A060DEF}.Debug|Any CPU.Build.0 = Debug|Any CPU
		{163A776D-5C2E-481B-B748-29F74A060DEF}.Release|Any CPU.ActiveCfg = Release|Any CPU
		{163A776D-5C2E-481B-B748-29F74A060DEF}.Release|Any CPU.Build.0 = Release|Any CPU
		{91144B2F-4032-43F0-954A-701A33DC76C9}.Debug|Any CPU.ActiveCfg = Debug|Any CPU
		{91144B2F-4032-43F0-954A-701A33DC76C9}.Debug|Any CPU.Build.0 = Debug|Any CPU
		{91144B2F-4032-43F0-954A-701A33DC76C9}.Release|Any CPU.ActiveCfg = Release|Any CPU
		{91144B2F-4032-43F0-954A-701A33DC76C9}.Release|Any CPU.Build.0 = Release|Any CPU
		{DB043C35-7D2B-4C1E-802E-C47F10FD3E57}.Debug|Any CPU.ActiveCfg = Debug|Any CPU
		{DB043C35-7D2B-4C1E-802E-C47F10FD3E57}.Debug|Any CPU.Build.0 = Debug|Any CPU
		{DB043C35-7D2B-4C1E-802E-C47F10FD3E57}.Release|Any CPU.ActiveCfg = Release|Any CPU
		{DB043C35-7D2B-4C1E-802E-C47F10FD3E57}.Release|Any CPU.Build.0 = Release|Any CPU
	EndGlobalSection
	GlobalSection(SolutionProperties) = preSolution
		HideSolutionNode = FALSE
	EndGlobalSection
	GlobalSection(ExtensibilityGlobals) = postSolution
		RESX_NeutralResourcesLanguage = fr-FR
	EndGlobalSection
EndGlobal
